
Microsoft Visual Studio Solution File, Format Version 11.00
# Visual Studio 2010
Project("{D2ABAB84-BF74-430A-B69E-9DC6D40DDA17}") = "OlapEjemplo", "OlapEjemplo\OlapEjemplo.dwproj", "{B614C114-7B6F-4A4D-A08A-A7407AA4E895}"
EndProject
Global
	GlobalSection(SolutionConfigurationPlatforms) = preSolution
		Development|Default = Development|Default
	EndGlobalSection
	GlobalSection(ProjectConfigurationPlatforms) = postSolution
		{B614C114-7B6F-4A4D-A08A-A7407AA4E895}.Development|Default.ActiveCfg = Development
		{B614C114-7B6F-4A4D-A08A-A7407AA4E895}.Development|Default.Build.0 = Development
		{B614C114-7B6F-4A4D-A08A-A7407AA4E895}.Development|Default.Deploy.0 = Development
	EndGlobalSection
	GlobalSection(SolutionProperties) = preSolution
		HideSolutionNode = FALSE
	EndGlobalSection
EndGlobal
