
Microsoft Visual Studio Solution File, Format Version 11.00
# Visual Studio 2010
Project("{D2ABAB84-BF74-430A-B69E-9DC6D40DDA17}") = "BayesNaiveComputerDB", "BayesNaiveComputerDB\BayesNaiveComputerDB.dwproj", "{2701889E-6BC0-4FB1-8F25-ECB5324F36AE}"
EndProject
Global
	GlobalSection(SolutionConfigurationPlatforms) = preSolution
		Development|Default = Development|Default
	EndGlobalSection
	GlobalSection(ProjectConfigurationPlatforms) = postSolution
		{2701889E-6BC0-4FB1-8F25-ECB5324F36AE}.Development|Default.ActiveCfg = Development
		{2701889E-6BC0-4FB1-8F25-ECB5324F36AE}.Development|Default.Build.0 = Development
		{2701889E-6BC0-4FB1-8F25-ECB5324F36AE}.Development|Default.Deploy.0 = Development
	EndGlobalSection
	GlobalSection(SolutionProperties) = preSolution
		HideSolutionNode = FALSE
	EndGlobalSection
EndGlobal
