
Microsoft Visual Studio Solution File, Format Version 12.00
# Visual Studio 14
VisualStudioVersion = 14.0.23107.0
MinimumVisualStudioVersion = 10.0.40219.1
Project("{D2ABAB84-BF74-430A-B69E-9DC6D40DDA17}") = "ArbolDeDecision", "ArbolDeDecision\ArbolDeDecision.dwproj", "{1666C1CE-51FD-46C4-B292-71900C3E7CB8}"
EndProject
Global
	GlobalSection(SolutionConfigurationPlatforms) = preSolution
		Development|Default = Development|Default
	EndGlobalSection
	GlobalSection(ProjectConfigurationPlatforms) = postSolution
		{1666C1CE-51FD-46C4-B292-71900C3E7CB8}.Development|Default.ActiveCfg = Development
		{1666C1CE-51FD-46C4-B292-71900C3E7CB8}.Development|Default.Build.0 = Development
		{1666C1CE-51FD-46C4-B292-71900C3E7CB8}.Development|Default.Deploy.0 = Development
	EndGlobalSection
	GlobalSection(SolutionProperties) = preSolution
		HideSolutionNode = FALSE
	EndGlobalSection
EndGlobal
